github.com/Jcowwell/go-algorithm-club v0.0.0-20220301144310-f6cfca9526c5 h1:LofeQVtJbtUmIF6HhZH+Ohxjdq1VMjUx6jb/pzkbgj8=
github.com/Jcowwell/go-algorithm-club v0.0.0-20220301144310-f6cfca9526c5/go.mod h1:TDxTq6hk1eSyLrahkriGwtkmM9QYL6vytPfRrVynncI=
github.com/emirpasic/gods v1.18.1 h1:FXtiHYKDGKCW2KzwZKx0iC0PQmdlorYgdFG9jPXJ1Bc=
github.com/emirpasic/gods v1.18.1/go.mod h1:8tpGGwCnJ5H4r6BWwaV6OrWmMoPhUl5jm/FMNAnJvWQ=
